
Microsoft Visual Studio Solution File, Format Version 12.00
# Visual Studio Version 17
VisualStudioVersion = 17.6.33815.320
MinimumVisualStudioVersion = 10.0.40219.1
Project("{FAE04EC0-301F-11D3-BF4B-00C04F79EFBC}") = "AuthSystem", "AuthSystem\AuthSystem.csproj", "{070E8421-9ECD-4A2C-B442-3493F898B83A}"
EndProject
Global
	GlobalSection(SolutionConfigurationPlatforms) = preSolution
		Debug|Any CPU = Debug|Any CPU
		Release|Any CPU = Release|Any CPU
	EndGlobalSection
	GlobalSection(ProjectConfigurationPlatforms) = postSolution
		{070E8421-9ECD-4A2C-B442-3493F898B83A}.Debug|Any CPU.ActiveCfg = Debug|Any CPU
		{070E8421-9ECD-4A2C-B442-3493F898B83A}.Debug|Any CPU.Build.0 = Debug|Any CPU
		{070E8421-9ECD-4A2C-B442-3493F898B83A}.Release|Any CPU.ActiveCfg = Release|Any CPU
		{070E8421-9ECD-4A2C-B442-3493F898B83A}.Release|Any CPU.Build.0 = Release|Any CPU
	EndGlobalSection
	GlobalSection(SolutionProperties) = preSolution
		HideSolutionNode = FALSE
	EndGlobalSection
	GlobalSection(ExtensibilityGlobals) = postSolution
		SolutionGuid = {BD6B835E-B965-4D0C-928C-70385B6AEB0E}
	EndGlobalSection
EndGlobal
